
Microsoft Visual Studio Solution File, Format Version 12.00
# Visual Studio Version 16
VisualStudioVersion = 16.0.29613.14
MinimumVisualStudioVersion = 10.0.40219.1
Project("{FAE04EC0-301F-11D3-BF4B-00C04F79EFBC}") = "FRESHMusicPlayer-WPF", "FRESHMusicPlayer-WPF\FRESHMusicPlayer-WPF.csproj", "{7C89A964-E4D9-46A5-A36F-A283D3B1F55E}"
EndProject
Project("{9A19103F-16F7-4668-BE54-9A1E7A4F7556}") = "FRESHMusicPlayer-Avalonia", "FRESHMusicPlayer-Avalonia\FRESHMusicPlayer-Avalonia.csproj", "{D7F0ECD0-C1BB-4483-AF42-547690E7E37C}"
EndProject
Global
	GlobalSection(SolutionConfigurationPlatforms) = preSolution
		Blueprint|Any CPU = Blueprint|Any CPU
		BlueprintPackageUpdater|Any CPU = BlueprintPackageUpdater|Any CPU
		Debug|Any CPU = Debug|Any CPU
		Release|Any CPU = Release|Any CPU
		ReleasePackageUpdater|Any CPU = ReleasePackageUpdater|Any CPU
	EndGlobalSection
	GlobalSection(ProjectConfigurationPlatforms) = postSolution
		{7C89A964-E4D9-46A5-A36F-A283D3B1F55E}.Blueprint|Any CPU.ActiveCfg = Blueprint|Any CPU
		{7C89A964-E4D9-46A5-A36F-A283D3B1F55E}.Blueprint|Any CPU.Build.0 = Blueprint|Any CPU
		{7C89A964-E4D9-46A5-A36F-A283D3B1F55E}.BlueprintPackageUpdater|Any CPU.ActiveCfg = BlueprintPackageUpdater|Any CPU
		{7C89A964-E4D9-46A5-A36F-A283D3B1F55E}.BlueprintPackageUpdater|Any CPU.Build.0 = BlueprintPackageUpdater|Any CPU
		{7C89A964-E4D9-46A5-A36F-A283D3B1F55E}.Debug|Any CPU.ActiveCfg = Debug|Any CPU
		{7C89A964-E4D9-46A5-A36F-A283D3B1F55E}.Debug|Any CPU.Build.0 = Debug|Any CPU
		{7C89A964-E4D9-46A5-A36F-A283D3B1F55E}.Release|Any CPU.ActiveCfg = ReleasePackage|Any CPU
		{7C89A964-E4D9-46A5-A36F-A283D3B1F55E}.Release|Any CPU.Build.0 = ReleasePackage|Any CPU
		{7C89A964-E4D9-46A5-A36F-A283D3B1F55E}.ReleasePackageUpdater|Any CPU.ActiveCfg = ReleasePackageUpdater|Any CPU
		{7C89A964-E4D9-46A5-A36F-A283D3B1F55E}.ReleasePackageUpdater|Any CPU.Build.0 = ReleasePackageUpdater|Any CPU
		{D7F0ECD0-C1BB-4483-AF42-547690E7E37C}.Blueprint|Any CPU.ActiveCfg = Release|Any CPU
		{D7F0ECD0-C1BB-4483-AF42-547690E7E37C}.Blueprint|Any CPU.Build.0 = Release|Any CPU
		{D7F0ECD0-C1BB-4483-AF42-547690E7E37C}.BlueprintPackageUpdater|Any CPU.ActiveCfg = Release|Any CPU
		{D7F0ECD0-C1BB-4483-AF42-547690E7E37C}.BlueprintPackageUpdater|Any CPU.Build.0 = Release|Any CPU
		{D7F0ECD0-C1BB-4483-AF42-547690E7E37C}.Debug|Any CPU.ActiveCfg = Debug|Any CPU
		{D7F0ECD0-C1BB-4483-AF42-547690E7E37C}.Debug|Any CPU.Build.0 = Debug|Any CPU
		{D7F0ECD0-C1BB-4483-AF42-547690E7E37C}.Release|Any CPU.ActiveCfg = Release|Any CPU
		{D7F0ECD0-C1BB-4483-AF42-547690E7E37C}.Release|Any CPU.Build.0 = Release|Any CPU
		{D7F0ECD0-C1BB-4483-AF42-547690E7E37C}.ReleasePackageUpdater|Any CPU.ActiveCfg = Release|Any CPU
		{D7F0ECD0-C1BB-4483-AF42-547690E7E37C}.ReleasePackageUpdater|Any CPU.Build.0 = Release|Any CPU
	EndGlobalSection
	GlobalSection(SolutionProperties) = preSolution
		HideSolutionNode = FALSE
	EndGlobalSection
	GlobalSection(ExtensibilityGlobals) = postSolution
		SolutionGuid = {E6701DAD-9775-4860-8728-38B4DA7571AA}
	EndGlobalSection
EndGlobal
